
Microsoft Visual Studio Solution File, Format Version 12.00
# Visual Studio 15
VisualStudioVersion = 15.0.28307.757
MinimumVisualStudioVersion = 10.0.40219.1
Project("{FAE04EC0-301F-11D3-BF4B-00C04F79EFBC}") = "MVCEF", "MVCEF\MVCEF.csproj", "{4F557F18-D4B5-41BE-88DC-0485C68D6536}"
EndProject
Global
	GlobalSection(SolutionConfigurationPlatforms) = preSolution
		Debug|Any CPU = Debug|Any CPU
		Release|Any CPU = Release|Any CPU
	EndGlobalSection
	GlobalSection(ProjectConfigurationPlatforms) = postSolution
		{4F557F18-D4B5-41BE-88DC-0485C68D6536}.Debug|Any CPU.ActiveCfg = Debug|Any CPU
		{4F557F18-D4B5-41BE-88DC-0485C68D6536}.Debug|Any CPU.Build.0 = Debug|Any CPU
		{4F557F18-D4B5-41BE-88DC-0485C68D6536}.Release|Any CPU.ActiveCfg = Release|Any CPU
		{4F557F18-D4B5-41BE-88DC-0485C68D6536}.Release|Any CPU.Build.0 = Release|Any CPU
	EndGlobalSection
	GlobalSection(SolutionProperties) = preSolution
		HideSolutionNode = FALSE
	EndGlobalSection
	GlobalSection(ExtensibilityGlobals) = postSolution
		SolutionGuid = {15B322CD-1BE6-4116-AB5A-0E86D0D2E4C2}
	EndGlobalSection
EndGlobal
